
Microsoft Visual Studio Solution File, Format Version 12.00
# Visual Studio 15
VisualStudioVersion = 15.0.28307.489
MinimumVisualStudioVersion = 10.0.40219.1
Project("{FAE04EC0-301F-11D3-BF4B-00C04F79EFBC}") = "Capa.OrigenDatos", "Capa.OrigenDatos\Capa.OrigenDatos.csproj", "{212033EC-A256-4363-A03B-30A5E00F9B81}"
EndProject
Project("{FAE04EC0-301F-11D3-BF4B-00C04F79EFBC}") = "Capa.AccesoDatos", "Capa.AccesoDatos\Capa.AccesoDatos.csproj", "{412DB742-0E67-4F1D-8DA4-3F9EA57473CE}"
EndProject
Project("{FAE04EC0-301F-11D3-BF4B-00C04F79EFBC}") = "Capa.DominioDatos", "Capa.DominioDatos\Capa.DominioDatos.csproj", "{8C504B59-C72B-4DB1-8AF3-23A192B9D2AB}"
EndProject
Project("{FAE04EC0-301F-11D3-BF4B-00C04F79EFBC}") = "Capa.ServiciosDistribuidos", "Capa.ServiciosDistribuidos\Capa.ServiciosDistribuidos.csproj", "{B7248B72-A363-4ED7-B04A-47BB5C1324F0}"
EndProject
Project("{FAE04EC0-301F-11D3-BF4B-00C04F79EFBC}") = "Capa.Presentacion", "WebApplicationDrHelp\Capa.Presentacion.csproj", "{F6996D86-D2AB-41AB-AE67-F3D592241EDD}"
EndProject
Global
	GlobalSection(SolutionConfigurationPlatforms) = preSolution
		Debug|Any CPU = Debug|Any CPU
		Debug|ARM = Debug|ARM
		Debug|ARM64 = Debug|ARM64
		Debug|x64 = Debug|x64
		Debug|x86 = Debug|x86
		Release|Any CPU = Release|Any CPU
		Release|ARM = Release|ARM
		Release|ARM64 = Release|ARM64
		Release|x64 = Release|x64
		Release|x86 = Release|x86
	EndGlobalSection
	GlobalSection(ProjectConfigurationPlatforms) = postSolution
		{212033EC-A256-4363-A03B-30A5E00F9B81}.Debug|Any CPU.ActiveCfg = Debug|Any CPU
		{212033EC-A256-4363-A03B-30A5E00F9B81}.Debug|Any CPU.Build.0 = Debug|Any CPU
		{212033EC-A256-4363-A03B-30A5E00F9B81}.Debug|ARM.ActiveCfg = Debug|Any CPU
		{212033EC-A256-4363-A03B-30A5E00F9B81}.Debug|ARM.Build.0 = Debug|Any CPU
		{212033EC-A256-4363-A03B-30A5E00F9B81}.Debug|ARM64.ActiveCfg = Debug|Any CPU
		{212033EC-A256-4363-A03B-30A5E00F9B81}.Debug|ARM64.Build.0 = Debug|Any CPU
		{212033EC-A256-4363-A03B-30A5E00F9B81}.Debug|x64.ActiveCfg = Debug|Any CPU
		{212033EC-A256-4363-A03B-30A5E00F9B81}.Debug|x64.Build.0 = Debug|Any CPU
		{212033EC-A256-4363-A03B-30A5E00F9B81}.Debug|x86.ActiveCfg = Debug|Any CPU
		{212033EC-A256-4363-A03B-30A5E00F9B81}.Debug|x86.Build.0 = Debug|Any CPU
		{212033EC-A256-4363-A03B-30A5E00F9B81}.Release|Any CPU.ActiveCfg = Release|Any CPU
		{212033EC-A256-4363-A03B-30A5E00F9B81}.Release|Any CPU.Build.0 = Release|Any CPU
		{212033EC-A256-4363-A03B-30A5E00F9B81}.Release|ARM.ActiveCfg = Release|Any CPU
		{212033EC-A256-4363-A03B-30A5E00F9B81}.Release|ARM.Build.0 = Release|Any CPU
		{212033EC-A256-4363-A03B-30A5E00F9B81}.Release|ARM64.ActiveCfg = Release|Any CPU
		{212033EC-A256-4363-A03B-30A5E00F9B81}.Release|ARM64.Build.0 = Release|Any CPU
		{212033EC-A256-4363-A03B-30A5E00F9B81}.Release|x64.ActiveCfg = Release|Any CPU
		{212033EC-A256-4363-A03B-30A5E00F9B81}.Release|x64.Build.0 = Release|Any CPU
		{212033EC-A256-4363-A03B-30A5E00F9B81}.Release|x86.ActiveCfg = Release|Any CPU
		{212033EC-A256-4363-A03B-30A5E00F9B81}.Release|x86.Build.0 = Release|Any CPU
		{412DB742-0E67-4F1D-8DA4-3F9EA57473CE}.Debug|Any CPU.ActiveCfg = Debug|Any CPU
		{412DB742-0E67-4F1D-8DA4-3F9EA57473CE}.Debug|Any CPU.Build.0 = Debug|Any CPU
		{412DB742-0E67-4F1D-8DA4-3F9EA57473CE}.Debug|ARM.ActiveCfg = Debug|Any CPU
		{412DB742-0E67-4F1D-8DA4-3F9EA57473CE}.Debug|ARM.Build.0 = Debug|Any CPU
		{412DB742-0E67-4F1D-8DA4-3F9EA57473CE}.Debug|ARM64.ActiveCfg = Debug|Any CPU
		{412DB742-0E67-4F1D-8DA4-3F9EA57473CE}.Debug|ARM64.Build.0 = Debug|Any CPU
		{412DB742-0E67-4F1D-8DA4-3F9EA57473CE}.Debug|x64.ActiveCfg = Debug|Any CPU
		{412DB742-0E67-4F1D-8DA4-3F9EA57473CE}.Debug|x64.Build.0 = Debug|Any CPU
		{412DB742-0E67-4F1D-8DA4-3F9EA57473CE}.Debug|x86.ActiveCfg = Debug|Any CPU
		{412DB742-0E67-4F1D-8DA4-3F9EA57473CE}.Debug|x86.Build.0 = Debug|Any CPU
		{412DB742-0E67-4F1D-8DA4-3F9EA57473CE}.Release|Any CPU.ActiveCfg = Release|Any CPU
		{412DB742-0E67-4F1D-8DA4-3F9EA57473CE}.Release|Any CPU.Build.0 = Release|Any CPU
		{412DB742-0E67-4F1D-8DA4-3F9EA57473CE}.Release|ARM.ActiveCfg = Release|Any CPU
		{412DB742-0E67-4F1D-8DA4-3F9EA57473CE}.Release|ARM.Build.0 = Release|Any CPU
		{412DB742-0E67-4F1D-8DA4-3F9EA57473CE}.Release|ARM64.ActiveCfg = Release|Any CPU
		{412DB742-0E67-4F1D-8DA4-3F9EA57473CE}.Release|ARM64.Build.0 = Release|Any CPU
		{412DB742-0E67-4F1D-8DA4-3F9EA57473CE}.Release|x64.ActiveCfg = Release|Any CPU
		{412DB742-0E67-4F1D-8DA4-3F9EA57473CE}.Release|x64.Build.0 = Release|Any CPU
		{412DB742-0E67-4F1D-8DA4-3F9EA57473CE}.Release|x86.ActiveCfg = Release|Any CPU
		{412DB742-0E67-4F1D-8DA4-3F9EA57473CE}.Release|x86.Build.0 = Release|Any CPU
		{8C504B59-C72B-4DB1-8AF3-23A192B9D2AB}.Debug|Any CPU.ActiveCfg = Debug|Any CPU
		{8C504B59-C72B-4DB1-8AF3-23A192B9D2AB}.Debug|Any CPU.Build.0 = Debug|Any CPU
		{8C504B59-C72B-4DB1-8AF3-23A192B9D2AB}.Debug|ARM.ActiveCfg = Debug|Any CPU
		{8C504B59-C72B-4DB1-8AF3-23A192B9D2AB}.Debug|ARM.Build.0 = Debug|Any CPU
		{8C504B59-C72B-4DB1-8AF3-23A192B9D2AB}.Debug|ARM64.ActiveCfg = Debug|Any CPU
		{8C504B59-C72B-4DB1-8AF3-23A192B9D2AB}.Debug|ARM64.Build.0 = Debug|Any CPU
		{8C504B59-C72B-4DB1-8AF3-23A192B9D2AB}.Debug|x64.ActiveCfg = Debug|Any CPU
		{8C504B59-C72B-4DB1-8AF3-23A192B9D2AB}.Debug|x64.Build.0 = Debug|Any CPU
		{8C504B59-C72B-4DB1-8AF3-23A192B9D2AB}.Debug|x86.ActiveCfg = Debug|Any CPU
		{8C504B59-C72B-4DB1-8AF3-23A192B9D2AB}.Debug|x86.Build.0 = Debug|Any CPU
		{8C504B59-C72B-4DB1-8AF3-23A192B9D2AB}.Release|Any CPU.ActiveCfg = Release|Any CPU
		{8C504B59-C72B-4DB1-8AF3-23A192B9D2AB}.Release|Any CPU.Build.0 = Release|Any CPU
		{8C504B59-C72B-4DB1-8AF3-23A192B9D2AB}.Release|ARM.ActiveCfg = Release|Any CPU
		{8C504B59-C72B-4DB1-8AF3-23A192B9D2AB}.Release|ARM.Build.0 = Release|Any CPU
		{8C504B59-C72B-4DB1-8AF3-23A192B9D2AB}.Release|ARM64.ActiveCfg = Release|Any CPU
		{8C504B59-C72B-4DB1-8AF3-23A192B9D2AB}.Release|ARM64.Build.0 = Release|Any CPU
		{8C504B59-C72B-4DB1-8AF3-23A192B9D2AB}.Release|x64.ActiveCfg = Release|Any CPU
		{8C504B59-C72B-4DB1-8AF3-23A192B9D2AB}.Release|x64.Build.0 = Release|Any CPU
		{8C504B59-C72B-4DB1-8AF3-23A192B9D2AB}.Release|x86.ActiveCfg = Release|Any CPU
		{8C504B59-C72B-4DB1-8AF3-23A192B9D2AB}.Release|x86.Build.0 = Release|Any CPU
		{B7248B72-A363-4ED7-B04A-47BB5C1324F0}.Debug|Any CPU.ActiveCfg = Debug|Any CPU
		{B7248B72-A363-4ED7-B04A-47BB5C1324F0}.Debug|Any CPU.Build.0 = Debug|Any CPU
		{B7248B72-A363-4ED7-B04A-47BB5C1324F0}.Debug|ARM.ActiveCfg = Debug|Any CPU
		{B7248B72-A363-4ED7-B04A-47BB5C1324F0}.Debug|ARM.Build.0 = Debug|Any CPU
		{B7248B72-A363-4ED7-B04A-47BB5C1324F0}.Debug|ARM64.ActiveCfg = Debug|Any CPU
		{B7248B72-A363-4ED7-B04A-47BB5C1324F0}.Debug|ARM64.Build.0 = Debug|Any CPU
		{B7248B72-A363-4ED7-B04A-47BB5C1324F0}.Debug|x64.ActiveCfg = Debug|Any CPU
		{B7248B72-A363-4ED7-B04A-47BB5C1324F0}.Debug|x64.Build.0 = Debug|Any CPU
		{B7248B72-A363-4ED7-B04A-47BB5C1324F0}.Debug|x86.ActiveCfg = Debug|Any CPU
		{B7248B72-A363-4ED7-B04A-47BB5C1324F0}.Debug|x86.Build.0 = Debug|Any CPU
		{B7248B72-A363-4ED7-B04A-47BB5C1324F0}.Release|Any CPU.ActiveCfg = Release|Any CPU
		{B7248B72-A363-4ED7-B04A-47BB5C1324F0}.Release|Any CPU.Build.0 = Release|Any CPU
		{B7248B72-A363-4ED7-B04A-47BB5C1324F0}.Release|ARM.ActiveCfg = Release|Any CPU
		{B7248B72-A363-4ED7-B04A-47BB5C1324F0}.Release|ARM.Build.0 = Release|Any CPU
		{B7248B72-A363-4ED7-B04A-47BB5C1324F0}.Release|ARM64.ActiveCfg = Release|Any CPU
		{B7248B72-A363-4ED7-B04A-47BB5C1324F0}.Release|ARM64.Build.0 = Release|Any CPU
		{B7248B72-A363-4ED7-B04A-47BB5C1324F0}.Release|x64.ActiveCfg = Release|Any CPU
		{B7248B72-A363-4ED7-B04A-47BB5C1324F0}.Release|x64.Build.0 = Release|Any CPU
		{B7248B72-A363-4ED7-B04A-47BB5C1324F0}.Release|x86.ActiveCfg = Release|Any CPU
		{B7248B72-A363-4ED7-B04A-47BB5C1324F0}.Release|x86.Build.0 = Release|Any CPU
		{F6996D86-D2AB-41AB-AE67-F3D592241EDD}.Debug|Any CPU.ActiveCfg = Debug|Any CPU
		{F6996D86-D2AB-41AB-AE67-F3D592241EDD}.Debug|Any CPU.Build.0 = Debug|Any CPU
		{F6996D86-D2AB-41AB-AE67-F3D592241EDD}.Debug|ARM.ActiveCfg = Debug|Any CPU
		{F6996D86-D2AB-41AB-AE67-F3D592241EDD}.Debug|ARM.Build.0 = Debug|Any CPU
		{F6996D86-D2AB-41AB-AE67-F3D592241EDD}.Debug|ARM64.ActiveCfg = Debug|Any CPU
		{F6996D86-D2AB-41AB-AE67-F3D592241EDD}.Debug|ARM64.Build.0 = Debug|Any CPU
		{F6996D86-D2AB-41AB-AE67-F3D592241EDD}.Debug|x64.ActiveCfg = Debug|Any CPU
		{F6996D86-D2AB-41AB-AE67-F3D592241EDD}.Debug|x64.Build.0 = Debug|Any CPU
		{F6996D86-D2AB-41AB-AE67-F3D592241EDD}.Debug|x86.ActiveCfg = Debug|Any CPU
		{F6996D86-D2AB-41AB-AE67-F3D592241EDD}.Debug|x86.Build.0 = Debug|Any CPU
		{F6996D86-D2AB-41AB-AE67-F3D592241EDD}.Release|Any CPU.ActiveCfg = Release|Any CPU
		{F6996D86-D2AB-41AB-AE67-F3D592241EDD}.Release|Any CPU.Build.0 = Release|Any CPU
		{F6996D86-D2AB-41AB-AE67-F3D592241EDD}.Release|ARM.ActiveCfg = Release|Any CPU
		{F6996D86-D2AB-41AB-AE67-F3D592241EDD}.Release|ARM.Build.0 = Release|Any CPU
		{F6996D86-D2AB-41AB-AE67-F3D592241EDD}.Release|ARM64.ActiveCfg = Release|Any CPU
		{F6996D86-D2AB-41AB-AE67-F3D592241EDD}.Release|ARM64.Build.0 = Release|Any CPU
		{F6996D86-D2AB-41AB-AE67-F3D592241EDD}.Release|x64.ActiveCfg = Release|Any CPU
		{F6996D86-D2AB-41AB-AE67-F3D592241EDD}.Release|x64.Build.0 = Release|Any CPU
		{F6996D86-D2AB-41AB-AE67-F3D592241EDD}.Release|x86.ActiveCfg = Release|Any CPU
		{F6996D86-D2AB-41AB-AE67-F3D592241EDD}.Release|x86.Build.0 = Release|Any CPU
	EndGlobalSection
	GlobalSection(SolutionProperties) = preSolution
		HideSolutionNode = FALSE
	EndGlobalSection
	GlobalSection(ExtensibilityGlobals) = postSolution
		SolutionGuid = {434B430D-49C4-4801-97E9-2EB0B782A531}
	EndGlobalSection
EndGlobal
